
Microsoft Visual Studio Solution File, Format Version 12.00
# Visual Studio Version 17
VisualStudioVersion = 17.6.33801.468
MinimumVisualStudioVersion = 10.0.40219.1
Project("{FAE04EC0-301F-11D3-BF4B-00C04F79EFBC}") = "Launcher NFS", "Launcher NFS WPF New\Launcher NFS.csproj", "{2C3FBD34-49FF-44CB-8BCD-717E620DCAC1}"
EndProject
Global
	GlobalSection(SolutionConfigurationPlatforms) = preSolution
		Debug|Any CPU = Debug|Any CPU
		Release|Any CPU = Release|Any CPU
	EndGlobalSection
	GlobalSection(ProjectConfigurationPlatforms) = postSolution
		{2C3FBD34-49FF-44CB-8BCD-717E620DCAC1}.Debug|Any CPU.ActiveCfg = Debug|Any CPU
		{2C3FBD34-49FF-44CB-8BCD-717E620DCAC1}.Debug|Any CPU.Build.0 = Debug|Any CPU
		{2C3FBD34-49FF-44CB-8BCD-717E620DCAC1}.Release|Any CPU.ActiveCfg = Release|Any CPU
		{2C3FBD34-49FF-44CB-8BCD-717E620DCAC1}.Release|Any CPU.Build.0 = Release|Any CPU
	EndGlobalSection
	GlobalSection(SolutionProperties) = preSolution
		HideSolutionNode = FALSE
	EndGlobalSection
	GlobalSection(ExtensibilityGlobals) = postSolution
		SolutionGuid = {693B2DF8-60CB-4835-8AC1-AE85A95142AC}
	EndGlobalSection
EndGlobal
